Microsoft Visual Studio Solution File, Format Version 12.00
# Visual Studio Version 16
VisualStudioVersion = 16.0.29409.12
MinimumVisualStudioVersion = 10.0.40219.1
Project("{9A19103F-16F7-4668-BE54-9A1E7A4F7556}") = "OHTI-OSC-Receiver", "src\OHTI-OSC-Receiver\OHTI-OSC-Receiver.csproj", "{1851EFCE-4210-4129-9F25-18C760E70462}"
EndProject
Project("{2150E333-8FDC-42A3-9474-1A3956D46DE8}") = "src", "src", "{1FFCB856-18AE-46B0-A578-C5057371F48E}"
EndProject
Project("{FAE04EC0-301F-11D3-BF4B-00C04F79EFBC}") = "OHTI-OSC-Receiver-UWP", "src\OHTI-OSC-Receiver-UWP\OHTI-OSC-Receiver-UWP.csproj", "{15F1BD1B-FE7C-48D3-A994-F10ADDCF7349}"
EndProject
Project("{9A19103F-16F7-4668-BE54-9A1E7A4F7556}") = "OHTI-OSC-Receiver-WPF", "src\OHTI-OSC-Receiver-WPF\OHTI-OSC-Receiver-WPF.csproj", "{6F7998E7-4722-46FB-9090-14BB0532CCF3}"
EndProject
Project("{9A19103F-16F7-4668-BE54-9A1E7A4F7556}") = "OpenSoundControlClient", "lib\OpenSoundControlClient\OpenSoundControlClient.csproj", "{87040514-3DAB-4B4D-A949-17A9ADF097A4}"
EndProject
Project("{2150E333-8FDC-42A3-9474-1A3956D46DE8}") = "lib", "lib", "{ED71F9AE-F5D0-47FD-BF45-96797320E728}"
EndProject
Project("{9A19103F-16F7-4668-BE54-9A1E7A4F7556}") = "USBComPortClient", "lib\USBComPortClient\USBComPortClient.csproj", "{59C2FB91-FF8D-41A1-849E-495FBFA88914}"
EndProject
Project("{9A19103F-16F7-4668-BE54-9A1E7A4F7556}") = "OpenSoundControlBroadcastClient", "lib\OpenSoundControlBroadcastClient\OpenSoundControlBroadcastClient.csproj", "{F27032B3-6827-4C15-8309-207DE0A664BF}"
EndProject
Global
	GlobalSection(SolutionConfigurationPlatforms) = preSolution
		Debug|Any CPU = Debug|Any CPU
		Debug|ARM = Debug|ARM
		Debug|ARM64 = Debug|ARM64
		Debug|x64 = Debug|x64
		Debug|x86 = Debug|x86
		Release|Any CPU = Release|Any CPU
		Release|ARM = Release|ARM
		Release|ARM64 = Release|ARM64
		Release|x64 = Release|x64
		Release|x86 = Release|x86
	EndGlobalSection
	GlobalSection(ProjectConfigurationPlatforms) = postSolution
		{1851EFCE-4210-4129-9F25-18C760E70462}.Debug|Any CPU.ActiveCfg = Debug|Any CPU
		{1851EFCE-4210-4129-9F25-18C760E70462}.Debug|Any CPU.Build.0 = Debug|Any CPU
		{1851EFCE-4210-4129-9F25-18C760E70462}.Debug|ARM.ActiveCfg = Debug|Any CPU
		{1851EFCE-4210-4129-9F25-18C760E70462}.Debug|ARM.Build.0 = Debug|Any CPU
		{1851EFCE-4210-4129-9F25-18C760E70462}.Debug|ARM64.ActiveCfg = Debug|Any CPU
		{1851EFCE-4210-4129-9F25-18C760E70462}.Debug|ARM64.Build.0 = Debug|Any CPU
		{1851EFCE-4210-4129-9F25-18C760E70462}.Debug|x64.ActiveCfg = Debug|Any CPU
		{1851EFCE-4210-4129-9F25-18C760E70462}.Debug|x64.Build.0 = Debug|Any CPU
		{1851EFCE-4210-4129-9F25-18C760E70462}.Debug|x86.ActiveCfg = Debug|Any CPU
		{1851EFCE-4210-4129-9F25-18C760E70462}.Debug|x86.Build.0 = Debug|Any CPU
		{1851EFCE-4210-4129-9F25-18C760E70462}.Release|Any CPU.ActiveCfg = Release|Any CPU
		{1851EFCE-4210-4129-9F25-18C760E70462}.Release|Any CPU.Build.0 = Release|Any CPU
		{1851EFCE-4210-4129-9F25-18C760E70462}.Release|ARM.ActiveCfg = Release|Any CPU
		{1851EFCE-4210-4129-9F25-18C760E70462}.Release|ARM.Build.0 = Release|Any CPU
		{1851EFCE-4210-4129-9F25-18C760E70462}.Release|ARM64.ActiveCfg = Release|Any CPU
		{1851EFCE-4210-4129-9F25-18C760E70462}.Release|ARM64.Build.0 = Release|Any CPU
		{1851EFCE-4210-4129-9F25-18C760E70462}.Release|x64.ActiveCfg = Release|Any CPU
		{1851EFCE-4210-4129-9F25-18C760E70462}.Release|x64.Build.0 = Release|Any CPU
		{1851EFCE-4210-4129-9F25-18C760E70462}.Release|x86.ActiveCfg = Release|Any CPU
		{1851EFCE-4210-4129-9F25-18C760E70462}.Release|x86.Build.0 = Release|Any CPU
		{15F1BD1B-FE7C-48D3-A994-F10ADDCF7349}.Debug|Any CPU.ActiveCfg = Debug|x86
		{15F1BD1B-FE7C-48D3-A994-F10ADDCF7349}.Debug|ARM.ActiveCfg = Debug|ARM
		{15F1BD1B-FE7C-48D3-A994-F10ADDCF7349}.Debug|ARM.Build.0 = Debug|ARM
		{15F1BD1B-FE7C-48D3-A994-F10ADDCF7349}.Debug|ARM.Deploy.0 = Debug|ARM
		{15F1BD1B-FE7C-48D3-A994-F10ADDCF7349}.Debug|ARM64.ActiveCfg = Debug|ARM64
		{15F1BD1B-FE7C-48D3-A994-F10ADDCF7349}.Debug|ARM64.Build.0 = Debug|ARM64
		{15F1BD1B-FE7C-48D3-A994-F10ADDCF7349}.Debug|ARM64.Deploy.0 = Debug|ARM64
		{15F1BD1B-FE7C-48D3-A994-F10ADDCF7349}.Debug|x64.ActiveCfg = Debug|x64
		{15F1BD1B-FE7C-48D3-A994-F10ADDCF7349}.Debug|x64.Build.0 = Debug|x64
		{15F1BD1B-FE7C-48D3-A994-F10ADDCF7349}.Debug|x64.Deploy.0 = Debug|x64
		{15F1BD1B-FE7C-48D3-A994-F10ADDCF7349}.Debug|x86.ActiveCfg = Debug|x86
		{15F1BD1B-FE7C-48D3-A994-F10ADDCF7349}.Debug|x86.Build.0 = Debug|x86
		{15F1BD1B-FE7C-48D3-A994-F10ADDCF7349}.Debug|x86.Deploy.0 = Debug|x86
		{15F1BD1B-FE7C-48D3-A994-F10ADDCF7349}.Release|Any CPU.ActiveCfg = Release|x86
		{15F1BD1B-FE7C-48D3-A994-F10ADDCF7349}.Release|ARM.ActiveCfg = Release|ARM
		{15F1BD1B-FE7C-48D3-A994-F10ADDCF7349}.Release|ARM.Build.0 = Release|ARM
		{15F1BD1B-FE7C-48D3-A994-F10ADDCF7349}.Release|ARM.Deploy.0 = Release|ARM
		{15F1BD1B-FE7C-48D3-A994-F10ADDCF7349}.Release|ARM64.ActiveCfg = Release|ARM64
		{15F1BD1B-FE7C-48D3-A994-F10ADDCF7349}.Release|ARM64.Build.0 = Release|ARM64
		{15F1BD1B-FE7C-48D3-A994-F10ADDCF7349}.Release|ARM64.Deploy.0 = Release|ARM64
		{15F1BD1B-FE7C-48D3-A994-F10ADDCF7349}.Release|x64.ActiveCfg = Release|x64
		{15F1BD1B-FE7C-48D3-A994-F10ADDCF7349}.Release|x64.Build.0 = Release|x64
		{15F1BD1B-FE7C-48D3-A994-F10ADDCF7349}.Release|x64.Deploy.0 = Release|x64
		{15F1BD1B-FE7C-48D3-A994-F10ADDCF7349}.Release|x86.ActiveCfg = Release|x86
		{15F1BD1B-FE7C-48D3-A994-F10ADDCF7349}.Release|x86.Build.0 = Release|x86
		{15F1BD1B-FE7C-48D3-A994-F10ADDCF7349}.Release|x86.Deploy.0 = Release|x86
		{6F7998E7-4722-46FB-9090-14BB0532CCF3}.Debug|Any CPU.ActiveCfg = Debug|Any CPU
		{6F7998E7-4722-46FB-9090-14BB0532CCF3}.Debug|ARM.ActiveCfg = Debug|Any CPU
		{6F7998E7-4722-46FB-9090-14BB0532CCF3}.Debug|ARM.Build.0 = Debug|Any CPU
		{6F7998E7-4722-46FB-9090-14BB0532CCF3}.Debug|ARM64.ActiveCfg = Debug|Any CPU
		{6F7998E7-4722-46FB-9090-14BB0532CCF3}.Debug|ARM64.Build.0 = Debug|Any CPU
		{6F7998E7-4722-46FB-9090-14BB0532CCF3}.Debug|x64.ActiveCfg = Debug|Any CPU
		{6F7998E7-4722-46FB-9090-14BB0532CCF3}.Debug|x64.Build.0 = Debug|Any CPU
		{6F7998E7-4722-46FB-9090-14BB0532CCF3}.Debug|x86.ActiveCfg = Debug|Any CPU
		{6F7998E7-4722-46FB-9090-14BB0532CCF3}.Debug|x86.Build.0 = Debug|Any CPU
		{6F7998E7-4722-46FB-9090-14BB0532CCF3}.Release|Any CPU.ActiveCfg = Release|Any CPU
		{6F7998E7-4722-46FB-9090-14BB0532CCF3}.Release|ARM.ActiveCfg = Release|Any CPU
		{6F7998E7-4722-46FB-9090-14BB0532CCF3}.Release|ARM.Build.0 = Release|Any CPU
		{6F7998E7-4722-46FB-9090-14BB0532CCF3}.Release|ARM64.ActiveCfg = Release|Any CPU
		{6F7998E7-4722-46FB-9090-14BB0532CCF3}.Release|ARM64.Build.0 = Release|Any CPU
		{6F7998E7-4722-46FB-9090-14BB0532CCF3}.Release|x64.ActiveCfg = Release|Any CPU
		{6F7998E7-4722-46FB-9090-14BB0532CCF3}.Release|x64.Build.0 = Release|Any CPU
		{6F7998E7-4722-46FB-9090-14BB0532CCF3}.Release|x86.ActiveCfg = Release|Any CPU
		{6F7998E7-4722-46FB-9090-14BB0532CCF3}.Release|x86.Build.0 = Release|Any CPU
		{87040514-3DAB-4B4D-A949-17A9ADF097A4}.Debug|Any CPU.ActiveCfg = Debug|Any CPU
		{87040514-3DAB-4B4D-A949-17A9ADF097A4}.Debug|ARM.ActiveCfg = Debug|Any CPU
		{87040514-3DAB-4B4D-A949-17A9ADF097A4}.Debug|ARM.Build.0 = Debug|Any CPU
		{87040514-3DAB-4B4D-A949-17A9ADF097A4}.Debug|ARM64.ActiveCfg = Debug|Any CPU
		{87040514-3DAB-4B4D-A949-17A9ADF097A4}.Debug|ARM64.Build.0 = Debug|Any CPU
		{87040514-3DAB-4B4D-A949-17A9ADF097A4}.Debug|x64.ActiveCfg = Debug|Any CPU
		{87040514-3DAB-4B4D-A949-17A9ADF097A4}.Debug|x64.Build.0 = Debug|Any CPU
		{87040514-3DAB-4B4D-A949-17A9ADF097A4}.Debug|x86.ActiveCfg = Debug|Any CPU
		{87040514-3DAB-4B4D-A949-17A9ADF097A4}.Debug|x86.Build.0 = Debug|Any CPU
		{87040514-3DAB-4B4D-A949-17A9ADF097A4}.Release|Any CPU.ActiveCfg = Release|Any CPU
		{87040514-3DAB-4B4D-A949-17A9ADF097A4}.Release|Any CPU.Build.0 = Release|Any CPU
		{87040514-3DAB-4B4D-A949-17A9ADF097A4}.Release|ARM.ActiveCfg = Release|Any CPU
		{87040514-3DAB-4B4D-A949-17A9ADF097A4}.Release|ARM.Build.0 = Release|Any CPU
		{87040514-3DAB-4B4D-A949-17A9ADF097A4}.Release|ARM64.ActiveCfg = Release|Any CPU
		{87040514-3DAB-4B4D-A949-17A9ADF097A4}.Release|ARM64.Build.0 = Release|Any CPU
		{87040514-3DAB-4B4D-A949-17A9ADF097A4}.Release|x64.ActiveCfg = Release|Any CPU
		{87040514-3DAB-4B4D-A949-17A9ADF097A4}.Release|x64.Build.0 = Release|Any CPU
		{87040514-3DAB-4B4D-A949-17A9ADF097A4}.Release|x86.ActiveCfg = Release|Any CPU
		{87040514-3DAB-4B4D-A949-17A9ADF097A4}.Release|x86.Build.0 = Release|Any CPU
		{59C2FB91-FF8D-41A1-849E-495FBFA88914}.Debug|Any CPU.ActiveCfg = Debug|Any CPU
		{59C2FB91-FF8D-41A1-849E-495FBFA88914}.Debug|ARM.ActiveCfg = Debug|Any CPU
		{59C2FB91-FF8D-41A1-849E-495FBFA88914}.Debug|ARM.Build.0 = Debug|Any CPU
		{59C2FB91-FF8D-41A1-849E-495FBFA88914}.Debug|ARM64.ActiveCfg = Debug|Any CPU
		{59C2FB91-FF8D-41A1-849E-495FBFA88914}.Debug|ARM64.Build.0 = Debug|Any CPU
		{59C2FB91-FF8D-41A1-849E-495FBFA88914}.Debug|x64.ActiveCfg = Debug|Any CPU
		{59C2FB91-FF8D-41A1-849E-495FBFA88914}.Debug|x64.Build.0 = Debug|Any CPU
		{59C2FB91-FF8D-41A1-849E-495FBFA88914}.Debug|x86.ActiveCfg = Debug|Any CPU
		{59C2FB91-FF8D-41A1-849E-495FBFA88914}.Debug|x86.Build.0 = Debug|Any CPU
		{59C2FB91-FF8D-41A1-849E-495FBFA88914}.Release|Any CPU.ActiveCfg = Release|Any CPU
		{59C2FB91-FF8D-41A1-849E-495FBFA88914}.Release|Any CPU.Build.0 = Release|Any CPU
		{59C2FB91-FF8D-41A1-849E-495FBFA88914}.Release|ARM.ActiveCfg = Release|Any CPU
		{59C2FB91-FF8D-41A1-849E-495FBFA88914}.Release|ARM.Build.0 = Release|Any CPU
		{59C2FB91-FF8D-41A1-849E-495FBFA88914}.Release|ARM64.ActiveCfg = Release|Any CPU
		{59C2FB91-FF8D-41A1-849E-495FBFA88914}.Release|ARM64.Build.0 = Release|Any CPU
		{59C2FB91-FF8D-41A1-849E-495FBFA88914}.Release|x64.ActiveCfg = Release|Any CPU
		{59C2FB91-FF8D-41A1-849E-495FBFA88914}.Release|x64.Build.0 = Release|Any CPU
		{59C2FB91-FF8D-41A1-849E-495FBFA88914}.Release|x86.ActiveCfg = Release|Any CPU
		{59C2FB91-FF8D-41A1-849E-495FBFA88914}.Release|x86.Build.0 = Release|Any CPU
		{F27032B3-6827-4C15-8309-207DE0A664BF}.Debug|Any CPU.ActiveCfg = Debug|Any CPU
		{F27032B3-6827-4C15-8309-207DE0A664BF}.Debug|Any CPU.Build.0 = Debug|Any CPU
		{F27032B3-6827-4C15-8309-207DE0A664BF}.Debug|ARM.ActiveCfg = Debug|Any CPU
		{F27032B3-6827-4C15-8309-207DE0A664BF}.Debug|ARM.Build.0 = Debug|Any CPU
		{F27032B3-6827-4C15-8309-207DE0A664BF}.Debug|ARM64.ActiveCfg = Debug|Any CPU
		{F27032B3-6827-4C15-8309-207DE0A664BF}.Debug|ARM64.Build.0 = Debug|Any CPU
		{F27032B3-6827-4C15-8309-207DE0A664BF}.Debug|x64.ActiveCfg = Debug|Any CPU
		{F27032B3-6827-4C15-8309-207DE0A664BF}.Debug|x64.Build.0 = Debug|Any CPU
		{F27032B3-6827-4C15-8309-207DE0A664BF}.Debug|x86.ActiveCfg = Debug|Any CPU
		{F27032B3-6827-4C15-8309-207DE0A664BF}.Debug|x86.Build.0 = Debug|Any CPU
		{F27032B3-6827-4C15-8309-207DE0A664BF}.Release|Any CPU.ActiveCfg = Release|Any CPU
		{F27032B3-6827-4C15-8309-207DE0A664BF}.Release|Any CPU.Build.0 = Release|Any CPU
		{F27032B3-6827-4C15-8309-207DE0A664BF}.Release|ARM.ActiveCfg = Release|Any CPU
		{F27032B3-6827-4C15-8309-207DE0A664BF}.Release|ARM.Build.0 = Release|Any CPU
		{F27032B3-6827-4C15-8309-207DE0A664BF}.Release|ARM64.ActiveCfg = Release|Any CPU
		{F27032B3-6827-4C15-8309-207DE0A664BF}.Release|ARM64.Build.0 = Release|Any CPU
		{F27032B3-6827-4C15-8309-207DE0A664BF}.Release|x64.ActiveCfg = Release|Any CPU
		{F27032B3-6827-4C15-8309-207DE0A664BF}.Release|x64.Build.0 = Release|Any CPU
		{F27032B3-6827-4C15-8309-207DE0A664BF}.Release|x86.ActiveCfg = Release|Any CPU
		{F27032B3-6827-4C15-8309-207DE0A664BF}.Release|x86.Build.0 = Release|Any CPU
	EndGlobalSection
	GlobalSection(SolutionProperties) = preSolution
		HideSolutionNode = FALSE
	EndGlobalSection
	GlobalSection(NestedProjects) = preSolution
		{1851EFCE-4210-4129-9F25-18C760E70462} = {1FFCB856-18AE-46B0-A578-C5057371F48E}
		{15F1BD1B-FE7C-48D3-A994-F10ADDCF7349} = {1FFCB856-18AE-46B0-A578-C5057371F48E}
		{6F7998E7-4722-46FB-9090-14BB0532CCF3} = {1FFCB856-18AE-46B0-A578-C5057371F48E}
		{87040514-3DAB-4B4D-A949-17A9ADF097A4} = {ED71F9AE-F5D0-47FD-BF45-96797320E728}
		{59C2FB91-FF8D-41A1-849E-495FBFA88914} = {ED71F9AE-F5D0-47FD-BF45-96797320E728}
		{F27032B3-6827-4C15-8309-207DE0A664BF} = {ED71F9AE-F5D0-47FD-BF45-96797320E728}
	EndGlobalSection
	GlobalSection(ExtensibilityGlobals) = postSolution
		SolutionGuid = {D0F89804-01BF-4390-A4DB-2280882F3E6E}
	EndGlobalSection
EndGlobal
